
Microsoft Visual Studio Solution File, Format Version 12.00
# Visual Studio Version 17
VisualStudioVersion = 17.11.35312.102
MinimumVisualStudioVersion = 10.0.40219.1
Project("{FAE04EC0-301F-11D3-BF4B-00C04F79EFBC}") = "personapi-dotnet1", "personapi-dotnet1.csproj", "{10CC6435-9356-42D4-BED2-2E921375BF2A}"
EndProject
Global
	GlobalSection(SolutionConfigurationPlatforms) = preSolution
		Debug|Any CPU = Debug|Any CPU
		Release|Any CPU = Release|Any CPU
	EndGlobalSection
	GlobalSection(ProjectConfigurationPlatforms) = postSolution
		{10CC6435-9356-42D4-BED2-2E921375BF2A}.Debug|Any CPU.ActiveCfg = Debug|Any CPU
		{10CC6435-9356-42D4-BED2-2E921375BF2A}.Debug|Any CPU.Build.0 = Debug|Any CPU
		{10CC6435-9356-42D4-BED2-2E921375BF2A}.Release|Any CPU.ActiveCfg = Release|Any CPU
		{10CC6435-9356-42D4-BED2-2E921375BF2A}.Release|Any CPU.Build.0 = Release|Any CPU
	EndGlobalSection
	GlobalSection(SolutionProperties) = preSolution
		HideSolutionNode = FALSE
	EndGlobalSection
	GlobalSection(ExtensibilityGlobals) = postSolution
		SolutionGuid = {80E1DD53-D864-4FA6-8133-5BB83008CCE8}
	EndGlobalSection
EndGlobal
